
Microsoft Visual Studio Solution File, Format Version 12.00
# Visual Studio Version 16
VisualStudioVersion = 16.0.29215.179
MinimumVisualStudioVersion = 10.0.40219.1
Project("{9A19103F-16F7-4668-BE54-9A1E7A4F7556}") = "AdaLove", "AdaLove\AdaLove.csproj", "{FB15CBEF-9D11-4F8B-BFD8-2EC5FE385EA8}"
EndProject
Project("{9A19103F-16F7-4668-BE54-9A1E7A4F7556}") = "AdaLove.DomainLayer", "AdaLove.DomainLayer\AdaLove.DomainLayer.csproj", "{BB3BACEE-3D16-4B15-AFA9-63D480C68AA9}"
EndProject
Project("{00D1A9C2-B5F0-4AF3-8072-F6C62B433612}") = "AdaLoveDb", "AdaLoveDb\AdaLoveDb.sqlproj", "{C49DCACE-B9A4-4442-9317-28ADB55E79C7}"
EndProject
Global
	GlobalSection(SolutionConfigurationPlatforms) = preSolution
		Debug|Any CPU = Debug|Any CPU
		Release|Any CPU = Release|Any CPU
	EndGlobalSection
	GlobalSection(ProjectConfigurationPlatforms) = postSolution
		{FB15CBEF-9D11-4F8B-BFD8-2EC5FE385EA8}.Debug|Any CPU.ActiveCfg = Debug|Any CPU
		{FB15CBEF-9D11-4F8B-BFD8-2EC5FE385EA8}.Debug|Any CPU.Build.0 = Debug|Any CPU
		{FB15CBEF-9D11-4F8B-BFD8-2EC5FE385EA8}.Release|Any CPU.ActiveCfg = Release|Any CPU
		{FB15CBEF-9D11-4F8B-BFD8-2EC5FE385EA8}.Release|Any CPU.Build.0 = Release|Any CPU
		{BB3BACEE-3D16-4B15-AFA9-63D480C68AA9}.Debug|Any CPU.ActiveCfg = Debug|Any CPU
		{BB3BACEE-3D16-4B15-AFA9-63D480C68AA9}.Debug|Any CPU.Build.0 = Debug|Any CPU
		{BB3BACEE-3D16-4B15-AFA9-63D480C68AA9}.Release|Any CPU.ActiveCfg = Release|Any CPU
		{BB3BACEE-3D16-4B15-AFA9-63D480C68AA9}.Release|Any CPU.Build.0 = Release|Any CPU
		{C49DCACE-B9A4-4442-9317-28ADB55E79C7}.Debug|Any CPU.ActiveCfg = Debug|Any CPU
		{C49DCACE-B9A4-4442-9317-28ADB55E79C7}.Debug|Any CPU.Build.0 = Debug|Any CPU
		{C49DCACE-B9A4-4442-9317-28ADB55E79C7}.Debug|Any CPU.Deploy.0 = Debug|Any CPU
		{C49DCACE-B9A4-4442-9317-28ADB55E79C7}.Release|Any CPU.ActiveCfg = Release|Any CPU
		{C49DCACE-B9A4-4442-9317-28ADB55E79C7}.Release|Any CPU.Build.0 = Release|Any CPU
		{C49DCACE-B9A4-4442-9317-28ADB55E79C7}.Release|Any CPU.Deploy.0 = Release|Any CPU
	EndGlobalSection
	GlobalSection(SolutionProperties) = preSolution
		HideSolutionNode = FALSE
	EndGlobalSection
	GlobalSection(ExtensibilityGlobals) = postSolution
		SolutionGuid = {348B1726-6228-45D9-80F9-71A0BAC87682}
	EndGlobalSection
EndGlobal
